
Microsoft Visual Studio Solution File, Format Version 12.00
# Visual Studio 15
VisualStudioVersion = 15.0.27703.2042
MinimumVisualStudioVersion = 10.0.40219.1
Project("{FAE04EC0-301F-11D3-BF4B-00C04F79EFBC}") = "UnitTestPalindrome", "UnitTestPalindrome\UnitTestPalindrome.csproj", "{FACEAE94-258F-4E34-A548-88E809A74674}"
EndProject
Project("{FAE04EC0-301F-11D3-BF4B-00C04F79EFBC}") = "Palindrome", "Palindrome\Palindrome.csproj", "{95BC381B-6E87-4395-B3C8-D69ADACCBE55}"
EndProject
Global
	GlobalSection(SolutionConfigurationPlatforms) = preSolution
		Debug|Any CPU = Debug|Any CPU
		Release|Any CPU = Release|Any CPU
	EndGlobalSection
	GlobalSection(ProjectConfigurationPlatforms) = postSolution
		{FACEAE94-258F-4E34-A548-88E809A74674}.Debug|Any CPU.ActiveCfg = Debug|Any CPU
		{FACEAE94-258F-4E34-A548-88E809A74674}.Debug|Any CPU.Build.0 = Debug|Any CPU
		{FACEAE94-258F-4E34-A548-88E809A74674}.Release|Any CPU.ActiveCfg = Release|Any CPU
		{FACEAE94-258F-4E34-A548-88E809A74674}.Release|Any CPU.Build.0 = Release|Any CPU
		{95BC381B-6E87-4395-B3C8-D69ADACCBE55}.Debug|Any CPU.ActiveCfg = Debug|Any CPU
		{95BC381B-6E87-4395-B3C8-D69ADACCBE55}.Debug|Any CPU.Build.0 = Debug|Any CPU
		{95BC381B-6E87-4395-B3C8-D69ADACCBE55}.Release|Any CPU.ActiveCfg = Release|Any CPU
		{95BC381B-6E87-4395-B3C8-D69ADACCBE55}.Release|Any CPU.Build.0 = Release|Any CPU
	EndGlobalSection
	GlobalSection(SolutionProperties) = preSolution
		HideSolutionNode = FALSE
	EndGlobalSection
	GlobalSection(ExtensibilityGlobals) = postSolution
		SolutionGuid = {D891C95F-2052-458A-96C8-6C0E8761C632}
	EndGlobalSection
EndGlobal
